# This file is automatically @generated by Cargo.
# It is not intended for manual editing.
version = 3

[[package]]
name = "aho-corasick"
version = "1.1.4"
source = "registry+https://github.com/rust-lang/crates.io-index"
checksum = "ddd31a130427c27518df266943a5308ed92d4b226cc639f5a8f1002816174301"
dependencies = [
 "memchr",
]

[[package]]
name = "cfg-if"
version = "1.0.4"
source = "registry+https://github.com/rust-lang/crates.io-index"
checksum = "9330f8b2ff13f34540b44e946ef35111825727b38d33286ef986142615121801"

[[package]]
name = "itoa"
version = "1.0.18"
source = "registry+https://github.com/rust-lang/crates.io-index"
checksum = "8f42a60cbdf9a97f5d2305f08a87dc4e09308d1276d28c869c684d7777685682"

[[package]]
name = "lazy_static"
version = "1.5.0"
source = "registry+https://github.com/rust-lang/crates.io-index"
checksum = "bbd2bcb4c963f2ddae06a2efc7e9f3591312473c50c6685e1f298068316e66fe"

[[package]]
name = "matchers"
version = "0.2.0"
source = "registry+https://github.com/rust-lang/crates.io-index"
checksum = "d1525a2a28c7f4fa0fc98bb91ae755d1e2d1505079e05539e35bc876b5d65ae9"
dependencies = [
 "regex-automata",
]

[[package]]
name = "memchr"
version = "2.8.0"
source = "registry+https://github.com/rust-lang/crates.io-index"
checksum = "f8ca58f447f06ed17d5fc4043ce1b10dd205e060fb3ce5b979b8ed8e59ff3f79"

[[package]]
name = "once_cell"
version = "1.21.4"
source = "registry+https://github.com/rust-lang/crates.io-index"
checksum = "9f7c3e4beb33f85d45ae3e3a1792185706c8e16d043238c593331cc7cd313b50"

[[package]]
name = "oya-cloud-billing-app"
version = "0.1.0"
dependencies = [
 "oya-cloud-billing-kernel",
 "oya-platform-data-boundary-kernel",
 "oya-platform-eventing-kernel",
 "oya-platform-metering-kernel",
]

[[package]]
name = "oya-cloud-billing-kernel"
version = "0.1.0"
dependencies = [
 "oya-cloud-region-kernel",
 "oya-cloud-resource-kernel",
 "oya-platform-data-boundary-kernel",
 "oya-platform-metering-kernel",
]

[[package]]
name = "oya-cloud-billing-tax-app"
version = "0.1.0"
dependencies = [
 "oya-cloud-billing-kernel",
 "oya-platform-data-boundary-kernel",
 "oya-platform-metering-kernel",
]

[[package]]
name = "oya-cloud-capacity-kernel"
version = "0.1.0"
dependencies = [
 "oya-cloud-billing-kernel",
 "oya-cloud-region-kernel",
 "oya-cloud-resource-kernel",
 "oya-platform-data-boundary-kernel",
 "oya-platform-metering-kernel",
]

[[package]]
name = "oya-cloud-cell-app"
version = "0.1.0"
dependencies = [
 "oya-cloud-region-kernel",
 "oya-platform-cell-kernel",
 "oya-platform-residency-kernel",
]

[[package]]
name = "oya-cloud-compute-functions-api"
version = "0.1.0"
dependencies = [
 "oya-cloud-compute-kernel",
 "oya-cloud-resource-kernel",
 "oya-platform-data-boundary-kernel",
 "oya-platform-residency-kernel",
]

[[package]]
name = "oya-cloud-compute-k8s-api"
version = "0.1.0"
dependencies = [
 "oya-cloud-compute-kernel",
 "oya-cloud-resource-kernel",
 "oya-platform-data-boundary-kernel",
 "oya-platform-residency-kernel",
]

[[package]]
name = "oya-cloud-compute-kernel"
version = "0.1.0"
dependencies = [
 "oya-cloud-iam-kernel",
 "oya-cloud-network-kernel",
 "oya-cloud-region-kernel",
 "oya-cloud-resource-kernel",
 "oya-platform-data-boundary-kernel",
 "oya-platform-residency-kernel",
]

[[package]]
name = "oya-cloud-compute-vm-api"
version = "0.1.0"
dependencies = [
 "oya-cloud-compute-kernel",
 "oya-cloud-resource-kernel",
 "oya-platform-data-boundary-kernel",
 "oya-platform-residency-kernel",
]

[[package]]
name = "oya-cloud-data-kernel"
version = "0.1.0"
dependencies = [
 "oya-cloud-kms-kernel",
 "oya-cloud-region-kernel",
 "oya-cloud-resource-kernel",
 "oya-platform-data-boundary-kernel",
 "oya-platform-residency-kernel",
]

[[package]]
name = "oya-cloud-dcops-kernel"
version = "0.1.0"
dependencies = [
 "oya-cloud-region-kernel",
 "oya-platform-data-boundary-kernel",
]

[[package]]
name = "oya-cloud-finops-api"
version = "0.1.0"
dependencies = [
 "oya-cloud-billing-kernel",
 "oya-cloud-finops-kernel",
 "oya-platform-data-boundary-kernel",
 "oya-platform-metering-kernel",
]

[[package]]
name = "oya-cloud-finops-kernel"
version = "0.1.0"
dependencies = [
 "oya-cloud-billing-kernel",
 "oya-cloud-region-kernel",
 "oya-cloud-resource-kernel",
 "oya-platform-data-boundary-kernel",
 "oya-platform-metering-kernel",
]

[[package]]
name = "oya-cloud-iam-api"
version = "0.1.0"
dependencies = [
 "oya-cloud-iam-kernel",
 "oya-platform-data-boundary-kernel",
]

[[package]]
name = "oya-cloud-iam-kernel"
version = "0.1.0"
dependencies = [
 "oya-cloud-region-kernel",
 "oya-platform-data-boundary-kernel",
 "oya-platform-identity-kernel",
]

[[package]]
name = "oya-cloud-kms-api"
version = "0.1.0"
dependencies = [
 "oya-cloud-kms-kernel",
 "oya-platform-data-boundary-kernel",
 "oya-platform-residency-kernel",
]

[[package]]
name = "oya-cloud-kms-kernel"
version = "0.1.0"
dependencies = [
 "oya-cloud-region-kernel",
 "oya-cloud-resource-kernel",
 "oya-platform-data-boundary-kernel",
 "oya-platform-residency-kernel",
]

[[package]]
name = "oya-cloud-marketplace-kernel"
version = "0.1.0"
dependencies = [
 "oya-cloud-billing-kernel",
 "oya-cloud-region-kernel",
 "oya-platform-data-boundary-kernel",
 "oya-platform-metering-kernel",
]

[[package]]
name = "oya-cloud-network-dns-api"
version = "0.1.0"
dependencies = [
 "oya-cloud-network-kernel",
 "oya-platform-data-boundary-kernel",
 "oya-platform-residency-kernel",
]

[[package]]
name = "oya-cloud-network-kernel"
version = "0.1.0"
dependencies = [
 "oya-cloud-region-kernel",
 "oya-cloud-resource-kernel",
 "oya-platform-data-boundary-kernel",
 "oya-platform-residency-kernel",
]

[[package]]
name = "oya-cloud-network-lb-api"
version = "0.1.0"
dependencies = [
 "oya-cloud-network-kernel",
 "oya-platform-data-boundary-kernel",
 "oya-platform-residency-kernel",
]

[[package]]
name = "oya-cloud-network-vpc-api"
version = "0.1.0"
dependencies = [
 "oya-cloud-network-kernel",
 "oya-platform-data-boundary-kernel",
 "oya-platform-residency-kernel",
]

[[package]]
name = "oya-cloud-observability-api"
version = "0.1.0"
dependencies = [
 "oya-cloud-observability-kernel",
 "oya-platform-audit-chain-kernel",
 "oya-platform-data-boundary-kernel",
 "oya-platform-residency-kernel",
]

[[package]]
name = "oya-cloud-observability-kernel"
version = "0.1.0"
dependencies = [
 "oya-cloud-iam-kernel",
 "oya-cloud-region-kernel",
 "oya-cloud-resource-kernel",
 "oya-platform-audit-chain-kernel",
 "oya-platform-data-boundary-kernel",
 "oya-platform-observability-kernel",
 "oya-platform-residency-kernel",
]

[[package]]
name = "oya-cloud-region-api"
version = "0.1.0"
dependencies = [
 "oya-cloud-region-kernel",
 "oya-platform-residency-kernel",
]

[[package]]
name = "oya-cloud-region-kernel"
version = "0.1.0"
dependencies = [
 "oya-platform-cell-kernel",
 "oya-platform-data-boundary-kernel",
 "oya-platform-residency-kernel",
]

[[package]]
name = "oya-cloud-resource-kernel"
version = "0.1.0"
dependencies = [
 "oya-cloud-region-kernel",
 "oya-platform-data-boundary-kernel",
 "oya-platform-residency-kernel",
]

[[package]]
name = "oya-cloud-storage-block-api"
version = "0.1.0"
dependencies = [
 "oya-cloud-storage-kernel",
 "oya-platform-data-boundary-kernel",
 "oya-platform-residency-kernel",
]

[[package]]
name = "oya-cloud-storage-kernel"
version = "0.1.0"
dependencies = [
 "oya-cloud-kms-kernel",
 "oya-cloud-region-kernel",
 "oya-cloud-resource-kernel",
 "oya-platform-data-boundary-kernel",
 "oya-platform-residency-kernel",
]

[[package]]
name = "oya-cloud-storage-object-api"
version = "0.1.0"
dependencies = [
 "oya-cloud-kms-kernel",
 "oya-cloud-resource-kernel",
 "oya-cloud-storage-kernel",
 "oya-platform-data-boundary-kernel",
 "oya-platform-residency-kernel",
]

[[package]]
name = "oya-cloud-surface-kernel"
version = "0.1.0"
dependencies = [
 "oya-platform-data-boundary-kernel",
]

[[package]]
name = "oya-foundation-app"
version = "0.1.0"
dependencies = [
 "oya-foundry-adapter-kernel",
 "oya-foundry-bypass-kernel",
 "oya-foundry-capability-kernel",
 "oya-foundry-cost-budget-kernel",
 "oya-foundry-eval-kernel",
 "oya-foundry-evidence-kernel",
 "oya-foundry-mcp-gateway-kernel",
 "oya-foundry-policy-kernel",
 "oya-foundry-run-kernel",
 "oya-foundry-step-kernel",
 "oya-platform-audit-chain-kernel",
 "oya-platform-cell-kernel",
 "oya-platform-data-boundary-kernel",
 "oya-platform-eventing-kernel",
 "oya-platform-identity-kernel",
 "oya-platform-object-graph-kernel",
 "oya-platform-observability-adapter-tracing",
 "oya-platform-observability-kernel",
 "oya-platform-policy-cedar-kernel",
 "oya-platform-regional-pack-kernel",
 "oya-platform-residency-kernel",
 "oya-platform-secrets-kernel",
 "oya-platform-tenant-kernel",
 "tracing",
 "tracing-subscriber",
]

[[package]]
name = "oya-foundry-adapter-kernel"
version = "0.1.0"
dependencies = [
 "oya-foundry-capability-kernel",
 "oya-foundry-cost-budget-kernel",
 "oya-platform-data-boundary-kernel",
 "oya-platform-secrets-kernel",
]

[[package]]
name = "oya-foundry-adr-citation-kernel"
version = "0.1.0"

[[package]]
name = "oya-foundry-adr-index-kernel"
version = "0.1.0"

[[package]]
name = "oya-foundry-api"
version = "0.1.0"
dependencies = [
 "oya-foundation-app",
]

[[package]]
name = "oya-foundry-api-semver-kernel"
version = "0.1.0"

[[package]]
name = "oya-foundry-authority-cohesion-kernel"
version = "0.1.0"

[[package]]
name = "oya-foundry-brand-residue-kernel"
version = "0.1.0"

[[package]]
name = "oya-foundry-bypass-kernel"
version = "0.1.0"
dependencies = [
 "oya-foundry-capability-kernel",
 "oya-platform-data-boundary-kernel",
]

[[package]]
name = "oya-foundry-capability-kernel"
version = "0.1.0"
dependencies = [
 "oya-platform-data-boundary-kernel",
]

[[package]]
name = "oya-foundry-cargo-prefix-kernel"
version = "0.1.0"

[[package]]
name = "oya-foundry-catalog-kernel"
version = "0.1.0"
dependencies = [
 "oya-platform-data-boundary-kernel",
]

[[package]]
name = "oya-foundry-claim-ceiling-kernel"
version = "0.1.0"
dependencies = [
 "oya-foundry-catalog-kernel",
]

[[package]]
name = "oya-foundry-cloud-mutation-kernel"
version = "0.1.0"
dependencies = [
 "oya-foundry-capability-kernel",
 "oya-foundry-policy-kernel",
 "oya-platform-audit-chain-kernel",
 "oya-platform-data-boundary-kernel",
]

[[package]]
name = "oya-foundry-codeowners-mirror-kernel"
version = "0.1.0"

[[package]]
name = "oya-foundry-cohesion-fitness-kernel"
version = "0.1.0"

[[package]]
name = "oya-foundry-constitution-cite-kernel"
version = "0.1.0"

[[package]]
name = "oya-foundry-cost-budget-kernel"
version = "0.1.0"
dependencies = [
 "oya-platform-data-boundary-kernel",
]

[[package]]
name = "oya-foundry-data-class-fitness-kernel"
version = "0.1.0"

[[package]]
name = "oya-foundry-doc-catalog-kernel"
version = "0.1.0"

[[package]]
name = "oya-foundry-documentation-system-kernel"
version = "0.1.0"

[[package]]
name = "oya-foundry-eval-app"
version = "0.1.0"
dependencies = [
 "oya-foundry-eval-kernel",
]

[[package]]
name = "oya-foundry-eval-kernel"
version = "0.1.0"
dependencies = [
 "oya-platform-data-boundary-kernel",
]

[[package]]
name = "oya-foundry-evidence-adapter-file"
version = "0.1.0"
dependencies = [
 "oya-foundry-evidence-kernel",
 "oya-platform-data-boundary-kernel",
]

[[package]]
name = "oya-foundry-evidence-kernel"
version = "0.1.0"
dependencies = [
 "oya-platform-data-boundary-kernel",
]

[[package]]
name = "oya-foundry-glossary-coverage-kernel"
version = "0.1.0"

[[package]]
name = "oya-foundry-glossary-vocabulary-kernel"
version = "0.1.0"

[[package]]
name = "oya-foundry-license-policy-kernel"
version = "0.1.0"

[[package]]
name = "oya-foundry-mcp-gateway-kernel"
version = "0.1.0"
dependencies = [
 "oya-foundry-capability-kernel",
 "oya-platform-data-boundary-kernel",
]

[[package]]
name = "oya-foundry-mdbook-kernel"
version = "0.1.0"

[[package]]
name = "oya-foundry-mobile-native-kernel"
version = "0.1.0"

[[package]]
name = "oya-foundry-openapi-kernel"
version = "0.1.0"
dependencies = [
 "oya-platform-data-boundary-kernel",
]

[[package]]
name = "oya-foundry-placeholder-debt-kernel"
version = "0.1.0"

[[package]]
name = "oya-foundry-policy-api"
version = "0.1.0"
dependencies = [
 "oya-foundry-capability-kernel",
 "oya-foundry-policy-kernel",
 "oya-platform-data-boundary-kernel",
]

[[package]]
name = "oya-foundry-policy-kernel"
version = "0.1.0"
dependencies = [
 "oya-foundry-capability-kernel",
 "oya-platform-data-boundary-kernel",
]

[[package]]
name = "oya-foundry-pr-traceability-kernel"
version = "0.1.0"

[[package]]
name = "oya-foundry-pre-push-kernel"
version = "0.1.0"

[[package]]
name = "oya-foundry-quality-lane-kernel"
version = "0.1.0"

[[package]]
name = "oya-foundry-raci-team-coverage-kernel"
version = "0.1.0"

[[package]]
name = "oya-foundry-readme-doc-coverage-kernel"
version = "0.1.0"

[[package]]
name = "oya-foundry-registry-api"
version = "0.1.0"
dependencies = [
 "oya-foundry-capability-kernel",
 "oya-foundry-eval-kernel",
 "oya-platform-data-boundary-kernel",
]

[[package]]
name = "oya-foundry-release-evidence-pack-kernel"
version = "0.1.0"

[[package]]
name = "oya-foundry-run-adapter-file"
version = "0.1.0"
dependencies = [
 "oya-foundry-capability-kernel",
 "oya-foundry-run-kernel",
 "oya-platform-data-boundary-kernel",
]

[[package]]
name = "oya-foundry-run-kernel"
version = "0.1.0"
dependencies = [
 "oya-foundry-capability-kernel",
 "oya-platform-data-boundary-kernel",
]

[[package]]
name = "oya-foundry-runbook-freshness-kernel"
version = "0.1.0"

[[package]]
name = "oya-foundry-runbook-index-kernel"
version = "0.1.0"

[[package]]
name = "oya-foundry-slo-coverage-kernel"
version = "0.1.0"

[[package]]
name = "oya-foundry-step-adapter-file"
version = "0.1.0"
dependencies = [
 "oya-foundry-step-kernel",
 "oya-platform-data-boundary-kernel",
]

[[package]]
name = "oya-foundry-step-kernel"
version = "0.1.0"
dependencies = [
 "oya-platform-data-boundary-kernel",
]

[[package]]
name = "oya-foundry-supply-chain-kernel"
version = "0.1.0"

[[package]]
name = "oya-foundry-typescript-workspace-kernel"
version = "0.1.0"

[[package]]
name = "oya-foundry-vendor-contract-recency-kernel"
version = "0.1.0"

[[package]]
name = "oya-platform-audit-chain-adapter-file"
version = "0.1.0"
dependencies = [
 "oya-platform-audit-chain-kernel",
 "oya-platform-data-boundary-kernel",
]

[[package]]
name = "oya-platform-audit-chain-app"
version = "0.1.0"
dependencies = [
 "oya-platform-audit-chain-kernel",
 "oya-platform-data-boundary-kernel",
 "oya-platform-eventing-kernel",
]

[[package]]
name = "oya-platform-audit-chain-kernel"
version = "0.1.0"
dependencies = [
 "oya-platform-data-boundary-kernel",
]

[[package]]
name = "oya-platform-cell-kernel"
version = "0.1.0"
dependencies = [
 "oya-platform-data-boundary-kernel",
 "oya-platform-residency-kernel",
]

[[package]]
name = "oya-platform-data-boundary-kernel"
version = "0.1.0"

[[package]]
name = "oya-platform-dsr-app"
version = "0.1.0"
dependencies = [
 "oya-platform-data-boundary-kernel",
 "oya-platform-dsr-kernel",
]

[[package]]
name = "oya-platform-dsr-kernel"
version = "0.1.0"
dependencies = [
 "oya-platform-data-boundary-kernel",
]

[[package]]
name = "oya-platform-eventing-adapter-file"
version = "0.1.0"
dependencies = [
 "oya-platform-data-boundary-kernel",
 "oya-platform-eventing-kernel",
]

[[package]]
name = "oya-platform-eventing-app"
version = "0.1.0"
dependencies = [
 "oya-platform-data-boundary-kernel",
 "oya-platform-eventing-kernel",
]

[[package]]
name = "oya-platform-eventing-kernel"
version = "0.1.0"
dependencies = [
 "oya-platform-data-boundary-kernel",
]

[[package]]
name = "oya-platform-identity-api"
version = "0.1.0"
dependencies = [
 "oya-platform-identity-kernel",
]

[[package]]
name = "oya-platform-identity-app"
version = "0.1.0"
dependencies = [
 "oya-platform-data-boundary-kernel",
 "oya-platform-identity-kernel",
]

[[package]]
name = "oya-platform-identity-kernel"
version = "0.1.0"
dependencies = [
 "oya-platform-data-boundary-kernel",
]

[[package]]
name = "oya-platform-metering-app"
version = "0.1.0"
dependencies = [
 "oya-platform-data-boundary-kernel",
 "oya-platform-eventing-kernel",
 "oya-platform-metering-kernel",
]

[[package]]
name = "oya-platform-metering-kernel"
version = "0.1.0"
dependencies = [
 "oya-platform-data-boundary-kernel",
]

[[package]]
name = "oya-platform-object-graph-api"
version = "0.1.0"
dependencies = [
 "oya-platform-data-boundary-kernel",
 "oya-platform-object-graph-kernel",
]

[[package]]
name = "oya-platform-object-graph-kernel"
version = "0.1.0"
dependencies = [
 "oya-platform-data-boundary-kernel",
]

[[package]]
name = "oya-platform-observability-adapter-tracing"
version = "0.1.0"
dependencies = [
 "oya-platform-observability-kernel",
 "tracing",
 "tracing-subscriber",
]

[[package]]
name = "oya-platform-observability-kernel"
version = "0.1.0"
dependencies = [
 "oya-platform-data-boundary-kernel",
]

[[package]]
name = "oya-platform-policy-cedar-api"
version = "0.1.0"
dependencies = [
 "oya-platform-policy-cedar-kernel",
]

[[package]]
name = "oya-platform-policy-cedar-kernel"
version = "0.1.0"

[[package]]
name = "oya-platform-regional-pack-kernel"
version = "0.1.0"
dependencies = [
 "oya-platform-data-boundary-kernel",
 "oya-platform-residency-kernel",
]

[[package]]
name = "oya-platform-regulatory-pack-api"
version = "0.1.0"
dependencies = [
 "oya-platform-regional-pack-kernel",
 "oya-platform-residency-kernel",
]

[[package]]
name = "oya-platform-residency-kernel"
version = "0.1.0"
dependencies = [
 "oya-platform-data-boundary-kernel",
]

[[package]]
name = "oya-platform-secrets-adapter-file"
version = "0.1.0"
dependencies = [
 "oya-platform-secrets-kernel",
]

[[package]]
name = "oya-platform-secrets-kernel"
version = "0.1.0"
dependencies = [
 "oya-platform-data-boundary-kernel",
]

[[package]]
name = "oya-platform-tenant-api"
version = "0.1.0"
dependencies = [
 "oya-platform-residency-kernel",
 "oya-platform-tenant-kernel",
]

[[package]]
name = "oya-platform-tenant-kernel"
version = "0.1.0"
dependencies = [
 "oya-platform-data-boundary-kernel",
 "oya-platform-residency-kernel",
]

[[package]]
name = "oya-tooling-cli-dev-runtime"
version = "0.1.0"
dependencies = [
 "oya-foundation-app",
 "oya-foundry-adr-citation-kernel",
 "oya-foundry-adr-index-kernel",
 "oya-foundry-api-semver-kernel",
 "oya-foundry-authority-cohesion-kernel",
 "oya-foundry-brand-residue-kernel",
 "oya-foundry-bypass-kernel",
 "oya-foundry-cargo-prefix-kernel",
 "oya-foundry-catalog-kernel",
 "oya-foundry-claim-ceiling-kernel",
 "oya-foundry-codeowners-mirror-kernel",
 "oya-foundry-cohesion-fitness-kernel",
 "oya-foundry-constitution-cite-kernel",
 "oya-foundry-data-class-fitness-kernel",
 "oya-foundry-doc-catalog-kernel",
 "oya-foundry-documentation-system-kernel",
 "oya-foundry-evidence-adapter-file",
 "oya-foundry-glossary-coverage-kernel",
 "oya-foundry-glossary-vocabulary-kernel",
 "oya-foundry-license-policy-kernel",
 "oya-foundry-mdbook-kernel",
 "oya-foundry-mobile-native-kernel",
 "oya-foundry-openapi-kernel",
 "oya-foundry-placeholder-debt-kernel",
 "oya-foundry-pr-traceability-kernel",
 "oya-foundry-pre-push-kernel",
 "oya-foundry-quality-lane-kernel",
 "oya-foundry-raci-team-coverage-kernel",
 "oya-foundry-readme-doc-coverage-kernel",
 "oya-foundry-release-evidence-pack-kernel",
 "oya-foundry-run-adapter-file",
 "oya-foundry-run-kernel",
 "oya-foundry-runbook-freshness-kernel",
 "oya-foundry-runbook-index-kernel",
 "oya-foundry-slo-coverage-kernel",
 "oya-foundry-step-adapter-file",
 "oya-foundry-step-kernel",
 "oya-foundry-supply-chain-kernel",
 "oya-foundry-typescript-workspace-kernel",
 "oya-foundry-vendor-contract-recency-kernel",
 "oya-platform-audit-chain-adapter-file",
 "oya-platform-eventing-adapter-file",
 "oya-platform-eventing-kernel",
 "oya-platform-secrets-adapter-file",
 "oya-platform-secrets-kernel",
]

[[package]]
name = "oya-workspace-address-book-kernel"
version = "0.1.0"
dependencies = [
 "oya-platform-data-boundary-kernel",
]

[[package]]
name = "oya-workspace-calendar-kernel"
version = "0.1.0"
dependencies = [
 "oya-platform-data-boundary-kernel",
]

[[package]]
name = "oya-workspace-chat-api"
version = "0.1.0"
dependencies = [
 "oya-platform-data-boundary-kernel",
 "oya-workspace-chat-kernel",
]

[[package]]
name = "oya-workspace-chat-kernel"
version = "0.1.0"
dependencies = [
 "oya-platform-data-boundary-kernel",
]

[[package]]
name = "oya-workspace-collab-runtime-kernel"
version = "0.1.0"
dependencies = [
 "oya-platform-data-boundary-kernel",
]

[[package]]
name = "oya-workspace-dlp-kernel"
version = "0.1.0"
dependencies = [
 "oya-platform-data-boundary-kernel",
]

[[package]]
name = "oya-workspace-docs-kernel"
version = "0.1.0"
dependencies = [
 "oya-platform-data-boundary-kernel",
]

[[package]]
name = "oya-workspace-document-format-kernel"
version = "0.1.0"
dependencies = [
 "oya-platform-data-boundary-kernel",
 "oya-workspace-collab-runtime-kernel",
]

[[package]]
name = "oya-workspace-drive-api"
version = "0.1.0"
dependencies = [
 "oya-platform-data-boundary-kernel",
 "oya-workspace-drive-kernel",
]

[[package]]
name = "oya-workspace-drive-kernel"
version = "0.1.0"
dependencies = [
 "oya-platform-data-boundary-kernel",
]

[[package]]
name = "oya-workspace-dsr-kernel"
version = "0.1.0"
dependencies = [
 "oya-platform-data-boundary-kernel",
 "oya-workspace-retention-kernel",
]

[[package]]
name = "oya-workspace-ediscovery-kernel"
version = "0.1.0"
dependencies = [
 "oya-platform-data-boundary-kernel",
 "oya-workspace-retention-kernel",
]

[[package]]
name = "oya-workspace-forms-api"
version = "0.1.0"
dependencies = [
 "oya-platform-data-boundary-kernel",
 "oya-workspace-forms-kernel",
]

[[package]]
name = "oya-workspace-forms-kernel"
version = "0.1.0"
dependencies = [
 "oya-platform-data-boundary-kernel",
]

[[package]]
name = "oya-workspace-mail-kernel"
version = "0.1.0"
dependencies = [
 "oya-platform-data-boundary-kernel",
]

[[package]]
name = "oya-workspace-meet-api"
version = "0.1.0"
dependencies = [
 "oya-platform-data-boundary-kernel",
 "oya-workspace-meet-kernel",
]

[[package]]
name = "oya-workspace-meet-kernel"
version = "0.1.0"
dependencies = [
 "oya-platform-data-boundary-kernel",
]

[[package]]
name = "oya-workspace-notes-kernel"
version = "0.1.0"
dependencies = [
 "oya-platform-data-boundary-kernel",
 "oya-workspace-collab-runtime-kernel",
]

[[package]]
name = "oya-workspace-recordings-kernel"
version = "0.1.0"
dependencies = [
 "oya-platform-data-boundary-kernel",
 "oya-workspace-meet-kernel",
]

[[package]]
name = "oya-workspace-retention-kernel"
version = "0.1.0"
dependencies = [
 "oya-platform-data-boundary-kernel",
]

[[package]]
name = "oya-workspace-sheets-kernel"
version = "0.1.0"
dependencies = [
 "oya-platform-data-boundary-kernel",
 "oya-workspace-collab-runtime-kernel",
]

[[package]]
name = "oya-workspace-sites-kernel"
version = "0.1.0"
dependencies = [
 "oya-platform-data-boundary-kernel",
 "oya-workspace-collab-runtime-kernel",
]

[[package]]
name = "oya-workspace-slides-kernel"
version = "0.1.0"
dependencies = [
 "oya-platform-data-boundary-kernel",
 "oya-workspace-collab-runtime-kernel",
 "oya-workspace-document-format-kernel",
]

[[package]]
name = "oya-workspace-tasks-kernel"
version = "0.1.0"
dependencies = [
 "oya-foundry-capability-kernel",
 "oya-platform-data-boundary-kernel",
]

[[package]]
name = "oya-workspace-translate-kernel"
version = "0.1.0"
dependencies = [
 "oya-platform-data-boundary-kernel",
]

[[package]]
name = "oya-workspace-trust-portal-kernel"
version = "0.1.0"
dependencies = [
 "oya-platform-data-boundary-kernel",
 "oya-platform-dsr-kernel",
 "oya-platform-residency-kernel",
]

[[package]]
name = "pin-project-lite"
version = "0.2.17"
source = "registry+https://github.com/rust-lang/crates.io-index"
checksum = "a89322df9ebe1c1578d689c92318e070967d1042b512afbe49518723f4e6d5cd"

[[package]]
name = "proc-macro2"
version = "1.0.106"
source = "registry+https://github.com/rust-lang/crates.io-index"
checksum = "8fd00f0bb2e90d81d1044c2b32617f68fcb9fa3bb7640c23e9c748e53fb30934"
dependencies = [
 "unicode-ident",
]

[[package]]
name = "quote"
version = "1.0.45"
source = "registry+https://github.com/rust-lang/crates.io-index"
checksum = "41f2619966050689382d2b44f664f4bc593e129785a36d6ee376ddf37259b924"
dependencies = [
 "proc-macro2",
]

[[package]]
name = "regex-automata"
version = "0.4.14"
source = "registry+https://github.com/rust-lang/crates.io-index"
checksum = "6e1dd4122fc1595e8162618945476892eefca7b88c52820e74af6262213cae8f"
dependencies = [
 "aho-corasick",
 "memchr",
 "regex-syntax",
]

[[package]]
name = "regex-syntax"
version = "0.8.10"
source = "registry+https://github.com/rust-lang/crates.io-index"
checksum = "dc897dd8d9e8bd1ed8cdad82b5966c3e0ecae09fb1907d58efaa013543185d0a"

[[package]]
name = "serde"
version = "1.0.228"
source = "registry+https://github.com/rust-lang/crates.io-index"
checksum = "9a8e94ea7f378bd32cbbd37198a4a91436180c5bb472411e48b5ec2e2124ae9e"
dependencies = [
 "serde_core",
]

[[package]]
name = "serde_core"
version = "1.0.228"
source = "registry+https://github.com/rust-lang/crates.io-index"
checksum = "41d385c7d4ca58e59fc732af25c3983b67ac852c1a25000afe1175de458b67ad"
dependencies = [
 "serde_derive",
]

[[package]]
name = "serde_derive"
version = "1.0.228"
source = "registry+https://github.com/rust-lang/crates.io-index"
checksum = "d540f220d3187173da220f885ab66608367b6574e925011a9353e4badda91d79"
dependencies = [
 "proc-macro2",
 "quote",
 "syn",
]

[[package]]
name = "serde_json"
version = "1.0.149"
source = "registry+https://github.com/rust-lang/crates.io-index"
checksum = "83fc039473c5595ace860d8c4fafa220ff474b3fc6bfdb4293327f1a37e94d86"
dependencies = [
 "itoa",
 "memchr",
 "serde",
 "serde_core",
 "zmij",
]

[[package]]
name = "sharded-slab"
version = "0.1.7"
source = "registry+https://github.com/rust-lang/crates.io-index"
checksum = "f40ca3c46823713e0d4209592e8d6e826aa57e928f09752619fc696c499637f6"
dependencies = [
 "lazy_static",
]

[[package]]
name = "syn"
version = "2.0.117"
source = "registry+https://github.com/rust-lang/crates.io-index"
checksum = "e665b8803e7b1d2a727f4023456bbbbe74da67099c585258af0ad9c5013b9b99"
dependencies = [
 "proc-macro2",
 "quote",
 "unicode-ident",
]

[[package]]
name = "thread_local"
version = "1.1.9"
source = "registry+https://github.com/rust-lang/crates.io-index"
checksum = "f60246a4944f24f6e018aa17cdeffb7818b76356965d03b07d6a9886e8962185"
dependencies = [
 "cfg-if",
]

[[package]]
name = "tracing"
version = "0.1.44"
source = "registry+https://github.com/rust-lang/crates.io-index"
checksum = "63e71662fa4b2a2c3a26f570f037eb95bb1f85397f3cd8076caed2f026a6d100"
dependencies = [
 "pin-project-lite",
 "tracing-attributes",
 "tracing-core",
]

[[package]]
name = "tracing-attributes"
version = "0.1.31"
source = "registry+https://github.com/rust-lang/crates.io-index"
checksum = "7490cfa5ec963746568740651ac6781f701c9c5ea257c58e057f3ba8cf69e8da"
dependencies = [
 "proc-macro2",
 "quote",
 "syn",
]

[[package]]
name = "tracing-core"
version = "0.1.36"
source = "registry+https://github.com/rust-lang/crates.io-index"
checksum = "db97caf9d906fbde555dd62fa95ddba9eecfd14cb388e4f491a66d74cd5fb79a"
dependencies = [
 "once_cell",
 "valuable",
]

[[package]]
name = "tracing-serde"
version = "0.2.0"
source = "registry+https://github.com/rust-lang/crates.io-index"
checksum = "704b1aeb7be0d0a84fc9828cae51dab5970fee5088f83d1dd7ee6f6246fc6ff1"
dependencies = [
 "serde",
 "tracing-core",
]

[[package]]
name = "tracing-subscriber"
version = "0.3.23"
source = "registry+https://github.com/rust-lang/crates.io-index"
checksum = "cb7f578e5945fb242538965c2d0b04418d38ec25c79d160cd279bf0731c8d319"
dependencies = [
 "matchers",
 "once_cell",
 "regex-automata",
 "serde",
 "serde_json",
 "sharded-slab",
 "thread_local",
 "tracing",
 "tracing-core",
 "tracing-serde",
]

[[package]]
name = "unicode-ident"
version = "1.0.24"
source = "registry+https://github.com/rust-lang/crates.io-index"
checksum = "e6e4313cd5fcd3dad5cafa179702e2b244f760991f45397d14d4ebf38247da75"

[[package]]
name = "valuable"
version = "0.1.1"
source = "registry+https://github.com/rust-lang/crates.io-index"
checksum = "ba73ea9cf16a25df0c8caa16c51acb937d5712a8429db78a3ee29d5dcacd3a65"

[[package]]
name = "zmij"
version = "1.0.21"
source = "registry+https://github.com/rust-lang/crates.io-index"
checksum = "b8848ee67ecc8aedbaf3e4122217aff892639231befc6a1b58d29fff4c2cabaa"
