{
  "lock_id": "oyatie-kr-corpus-2026-05-19",
  "pack_code": "kr",
  "lock_type": "governed-regulatory-source-lock",
  "status": "planning-closed",
  "generated_at": "2026-05-19",
  "governing_manifest": "docs/localization-packs/kr/pack.yaml",
  "governing_manifest_sha256": "0ba6cb1de6e7503d2bc4d0bf538818ccd309af4ff2b2200618a410c6ad28f51f",
  "owners": [
    "council-architecture",
    "gtm-customer-success-kr",
    "axis-foundry"
  ],
  "refresh_policy": {
    "corpus_refresh": "quarterly",
    "statutory_rate_review": "monthly",
    "recall_handling": "as-issued",
    "active_promotion_requires_signed_attestation": true
  },
  "source_families": [
    {"id": "4dae-edi", "authorities": ["NPS", "NHIS", "Korea Workers Compensation and Welfare Service"], "surface": "EDI v5.0", "fd001_material": true},
    {"id": "yearly-tax-settlement", "authorities": ["National Tax Service"], "surface": "Hometax XML/API", "fd001_material": true},
    {"id": "k-gaap", "authorities": ["Korea Accounting Standards Board"], "surface": "accounting kernel", "fd001_material": true},
    {"id": "kgaap-statements", "authorities": ["Korea Accounting Standards Board"], "surface": "Typst statements", "fd001_material": true},
    {"id": "connect-retention-kr", "authorities": ["Oyatie inherited retention policy"], "surface": "connect adapter", "fd001_material": true},
    {"id": "pipa-b2b", "authorities": ["Personal Information Protection Commission"], "surface": "Cedar policy fragments", "fd001_material": true},
    {"id": "pipa-b2c", "authorities": ["Personal Information Protection Commission"], "surface": "Cedar policy fragments and audit chain", "fd001_material": true},
    {"id": "medical-law", "authorities": ["Ministry of Health and Welfare"], "surface": "medical/patient kernels", "fd001_material": false},
    {"id": "hira-dur", "authorities": ["Health Insurance Review and Assessment Service"], "surface": "pharmacy adapter", "fd001_material": false},
    {"id": "kfda-recall", "authorities": ["Ministry of Food and Drug Safety"], "surface": "pharmacy adapter", "fd001_material": false},
    {"id": "nhis-billing", "authorities": ["National Health Insurance Service"], "surface": "medical adapter", "fd001_material": false},
    {"id": "119-emergency", "authorities": ["National Fire Agency"], "surface": "emergency adapter", "fd001_material": false},
    {"id": "efl-registration", "authorities": ["Financial Services Commission", "Financial Supervisory Service"], "surface": "payments adapter", "fd001_material": false},
    {"id": "payment-rails-kr", "authorities": ["Toss Payments", "Kakao Pay", "Naver Pay", "Payco"], "surface": "payments adapter", "fd001_material": false},
    {"id": "card-acquirer-kr", "authorities": ["KR card acquirers"], "surface": "payments adapter", "fd001_material": false},
    {"id": "pci-dss-l1", "authorities": ["PCI Security Standards Council"], "surface": "crosscutting", "fd001_material": false},
    {"id": "insurance-law", "authorities": ["Financial Services Commission"], "surface": "insurance kernel", "fd001_material": false},
    {"id": "industrial-safety", "authorities": ["Ministry of Employment and Labor"], "surface": "manufacturing/facility operations", "fd001_material": false},
    {"id": "serious-accident-act", "authorities": ["Ministry of Employment and Labor"], "surface": "manufacturing/security", "fd001_material": false},
    {"id": "chemical-substances-act", "authorities": ["Ministry of Environment"], "surface": "manufacturing adapter", "fd001_material": false},
    {"id": "truck-transport-act", "authorities": ["Ministry of Land, Infrastructure and Transport"], "surface": "logistics adapter", "fd001_material": false},
    {"id": "port-transport-act", "authorities": ["Ministry of Oceans and Fisheries"], "surface": "logistics adapter", "fd001_material": false}
  ],
  "connector_families": [
    {"id": "nps-edi", "microservice": "payroll", "fd001_material": true},
    {"id": "nhis-edi", "microservice": "payroll", "fd001_material": true},
    {"id": "employment-insurance-edi", "microservice": "payroll", "fd001_material": true},
    {"id": "industrial-accident-insurance-edi", "microservice": "payroll", "fd001_material": true},
    {"id": "hometax-api", "microservice": "payroll", "fd001_material": true},
    {"id": "hira-dur", "microservice": "pharmacy", "fd001_material": false},
    {"id": "cj-daehantongun", "microservice": "logistics", "fd001_material": false},
    {"id": "hanjin-logistics", "microservice": "logistics", "fd001_material": false},
    {"id": "lotte-logistics", "microservice": "logistics", "fd001_material": false},
    {"id": "kr-post", "microservice": "logistics", "fd001_material": false},
    {"id": "toss-pay", "microservice": "payments", "fd001_material": false},
    {"id": "kakao-pay", "microservice": "payments", "fd001_material": false},
    {"id": "naver-pay", "microservice": "payments", "fd001_material": false},
    {"id": "payco", "microservice": "payments", "fd001_material": false}
  ],
  "claim_control": {
    "allowed_claim": "FD-001 planning has a governed KR source lock and a closed activation contract.",
    "disallowed_claim": "KR regulatory rates, legal interpretations, or connector certifications are production-current without the signed active-promotion attestation.",
    "active_promotion_gate": "FD-001 KR ChangeSets must attach source snapshots, signed attestations, acceptance evidence, and regression tests before changing pack status to active."
  }
}
