dependencies:
- name: loki
  repository: https://grafana.github.io/helm-charts
  version: 7.0.0
- name: tempo-distributed
  repository: https://grafana.github.io/helm-charts
  version: 1.61.2
- name: mimir-distributed
  repository: https://grafana.github.io/helm-charts
  version: 6.0.6
- name: grafana
  repository: https://grafana.github.io/helm-charts
  version: 10.5.14
digest: sha256:7a3aa737a040ae358ee0284a11b6270368f77bd88e200f05dd1d4bf97f866bfd
generated: "2026-05-28T09:08:45.225277-04:00"
